
Microsoft Visual Studio Solution File, Format Version 12.00
# Visual Studio Version 16
VisualStudioVersion = 16.0.31112.23
MinimumVisualStudioVersion = 10.0.40219.1
Project("{9A19103F-16F7-4668-BE54-9A1E7A4F7556}") = "WebApiModel", "WebApplication2\WebApiModel.csproj", "{9C21BA70-ED77-4F3C-B24B-634B9B29F966}"
EndProject
Project("{FAE04EC0-301F-11D3-BF4B-00C04F79EFBC}") = "Common", "Common\Common.csproj", "{FCB6F8C7-E99F-449D-A093-DA8932E48768}"
EndProject
Project("{FAE04EC0-301F-11D3-BF4B-00C04F79EFBC}") = "Entities", "Entities\Entities.csproj", "{16575909-F3EF-4A44-87C3-3F3C27C9D925}"
EndProject
Project("{FAE04EC0-301F-11D3-BF4B-00C04F79EFBC}") = "Data", "Data\Data.csproj", "{5530101A-45D3-4FD2-BE47-CB765A5F9147}"
EndProject
Project("{FAE04EC0-301F-11D3-BF4B-00C04F79EFBC}") = "Services", "Services\Services.csproj", "{4DDAA075-CED3-4AD0-B57B-646F1732B844}"
EndProject
Project("{FAE04EC0-301F-11D3-BF4B-00C04F79EFBC}") = "WebFramework", "WebFramework\WebFramework.csproj", "{810C2052-1A40-43D9-B2B6-DB8CE1540A67}"
EndProject
Global
	GlobalSection(SolutionConfigurationPlatforms) = preSolution
		Debug|Any CPU = Debug|Any CPU
		Release|Any CPU = Release|Any CPU
	EndGlobalSection
	GlobalSection(ProjectConfigurationPlatforms) = postSolution
		{9C21BA70-ED77-4F3C-B24B-634B9B29F966}.Debug|Any CPU.ActiveCfg = Debug|Any CPU
		{9C21BA70-ED77-4F3C-B24B-634B9B29F966}.Debug|Any CPU.Build.0 = Debug|Any CPU
		{9C21BA70-ED77-4F3C-B24B-634B9B29F966}.Release|Any CPU.ActiveCfg = Release|Any CPU
		{9C21BA70-ED77-4F3C-B24B-634B9B29F966}.Release|Any CPU.Build.0 = Release|Any CPU
		{FCB6F8C7-E99F-449D-A093-DA8932E48768}.Debug|Any CPU.ActiveCfg = Debug|Any CPU
		{FCB6F8C7-E99F-449D-A093-DA8932E48768}.Debug|Any CPU.Build.0 = Debug|Any CPU
		{FCB6F8C7-E99F-449D-A093-DA8932E48768}.Release|Any CPU.ActiveCfg = Release|Any CPU
		{FCB6F8C7-E99F-449D-A093-DA8932E48768}.Release|Any CPU.Build.0 = Release|Any CPU
		{16575909-F3EF-4A44-87C3-3F3C27C9D925}.Debug|Any CPU.ActiveCfg = Debug|Any CPU
		{16575909-F3EF-4A44-87C3-3F3C27C9D925}.Debug|Any CPU.Build.0 = Debug|Any CPU
		{16575909-F3EF-4A44-87C3-3F3C27C9D925}.Release|Any CPU.ActiveCfg = Release|Any CPU
		{16575909-F3EF-4A44-87C3-3F3C27C9D925}.Release|Any CPU.Build.0 = Release|Any CPU
		{5530101A-45D3-4FD2-BE47-CB765A5F9147}.Debug|Any CPU.ActiveCfg = Debug|Any CPU
		{5530101A-45D3-4FD2-BE47-CB765A5F9147}.Debug|Any CPU.Build.0 = Debug|Any CPU
		{5530101A-45D3-4FD2-BE47-CB765A5F9147}.Release|Any CPU.ActiveCfg = Release|Any CPU
		{5530101A-45D3-4FD2-BE47-CB765A5F9147}.Release|Any CPU.Build.0 = Release|Any CPU
		{4DDAA075-CED3-4AD0-B57B-646F1732B844}.Debug|Any CPU.ActiveCfg = Debug|Any CPU
		{4DDAA075-CED3-4AD0-B57B-646F1732B844}.Debug|Any CPU.Build.0 = Debug|Any CPU
		{4DDAA075-CED3-4AD0-B57B-646F1732B844}.Release|Any CPU.ActiveCfg = Release|Any CPU
		{4DDAA075-CED3-4AD0-B57B-646F1732B844}.Release|Any CPU.Build.0 = Release|Any CPU
		{810C2052-1A40-43D9-B2B6-DB8CE1540A67}.Debug|Any CPU.ActiveCfg = Debug|Any CPU
		{810C2052-1A40-43D9-B2B6-DB8CE1540A67}.Debug|Any CPU.Build.0 = Debug|Any CPU
		{810C2052-1A40-43D9-B2B6-DB8CE1540A67}.Release|Any CPU.ActiveCfg = Release|Any CPU
		{810C2052-1A40-43D9-B2B6-DB8CE1540A67}.Release|Any CPU.Build.0 = Release|Any CPU
	EndGlobalSection
	GlobalSection(SolutionProperties) = preSolution
		HideSolutionNode = FALSE
	EndGlobalSection
	GlobalSection(ExtensibilityGlobals) = postSolution
		SolutionGuid = {A59A253F-1E0B-4780-8E20-488BF995B080}
	EndGlobalSection
EndGlobal
